
Microsoft Visual Studio Solution File, Format Version 12.00
# Visual Studio Version 16
VisualStudioVersion = 16.0.31005.135
MinimumVisualStudioVersion = 10.0.40219.1
Project("{FAE04EC0-301F-11D3-BF4B-00C04F79EFBC}") = "GeneticExperiment", "GeneticExperiment\GeneticExperiment.csproj", "{D6FA45A7-22FE-4852-8C42-6BC18E04ADCC}"
EndProject
Global
	GlobalSection(SolutionConfigurationPlatforms) = preSolution
		Debug|Any CPU = Debug|Any CPU
		Release|Any CPU = Release|Any CPU
	EndGlobalSection
	GlobalSection(ProjectConfigurationPlatforms) = postSolution
		{D6FA45A7-22FE-4852-8C42-6BC18E04ADCC}.Debug|Any CPU.ActiveCfg = Debug|Any CPU
		{D6FA45A7-22FE-4852-8C42-6BC18E04ADCC}.Debug|Any CPU.Build.0 = Debug|Any CPU
		{D6FA45A7-22FE-4852-8C42-6BC18E04ADCC}.Release|Any CPU.ActiveCfg = Release|Any CPU
		{D6FA45A7-22FE-4852-8C42-6BC18E04ADCC}.Release|Any CPU.Build.0 = Release|Any CPU
	EndGlobalSection
	GlobalSection(SolutionProperties) = preSolution
		HideSolutionNode = FALSE
	EndGlobalSection
	GlobalSection(ExtensibilityGlobals) = postSolution
		SolutionGuid = {C0F9B689-C493-497E-A330-38EEE66E0CD1}
	EndGlobalSection
EndGlobal
